
Microsoft Visual Studio Solution File, Format Version 12.00
# Visual Studio Version 17
VisualStudioVersion = 17.2.32526.322
MinimumVisualStudioVersion = 10.0.40219.1
Project("{FAE04EC0-301F-11D3-BF4B-00C04F79EFBC}") = "HelloWorldRevit", "HelloWorldRevit\HelloWorldRevit.csproj", "{2652F1FA-4F2D-4894-B171-B797ECB4E111}"
EndProject
Project("{FAE04EC0-301F-11D3-BF4B-00C04F79EFBC}") = "RetrieveInformation", "RetrieveInformation\RetrieveInformation.csproj", "{F601D674-A9F8-46CE-B0E4-BD48F3F25636}"
EndProject
Global
	GlobalSection(SolutionConfigurationPlatforms) = preSolution
		Debug|Any CPU = Debug|Any CPU
		Release|Any CPU = Release|Any CPU
	EndGlobalSection
	GlobalSection(ProjectConfigurationPlatforms) = postSolution
		{2652F1FA-4F2D-4894-B171-B797ECB4E111}.Debug|Any CPU.ActiveCfg = Debug|Any CPU
		{2652F1FA-4F2D-4894-B171-B797ECB4E111}.Debug|Any CPU.Build.0 = Debug|Any CPU
		{2652F1FA-4F2D-4894-B171-B797ECB4E111}.Release|Any CPU.ActiveCfg = Release|Any CPU
		{2652F1FA-4F2D-4894-B171-B797ECB4E111}.Release|Any CPU.Build.0 = Release|Any CPU
		{F601D674-A9F8-46CE-B0E4-BD48F3F25636}.Debug|Any CPU.ActiveCfg = Debug|Any CPU
		{F601D674-A9F8-46CE-B0E4-BD48F3F25636}.Debug|Any CPU.Build.0 = Debug|Any CPU
		{F601D674-A9F8-46CE-B0E4-BD48F3F25636}.Release|Any CPU.ActiveCfg = Release|Any CPU
		{F601D674-A9F8-46CE-B0E4-BD48F3F25636}.Release|Any CPU.Build.0 = Release|Any CPU
	EndGlobalSection
	GlobalSection(SolutionProperties) = preSolution
		HideSolutionNode = FALSE
	EndGlobalSection
	GlobalSection(ExtensibilityGlobals) = postSolution
		SolutionGuid = {8516F0C8-1768-4D04-B5BD-E9EFFB457910}
	EndGlobalSection
EndGlobal
